
Microsoft Visual Studio Solution File, Format Version 12.00
# Visual Studio Version 16
VisualStudioVersion = 16.0.30011.22
MinimumVisualStudioVersion = 10.0.40219.1
Project("{FAE04EC0-301F-11D3-BF4B-00C04F79EFBC}") = "CandidateTesting.RicardoCastroMartin", "CandidateTesting.RicardoCastroMartin\CandidateTesting.RicardoCastroMartin.csproj", "{B9430501-45C3-4663-9D59-D5725DD1FBE2}"
EndProject
Project("{FAE04EC0-301F-11D3-BF4B-00C04F79EFBC}") = "CandidateTesting.RicardoCastroMartin.Test", "CandidateTesting.RicardoCastroMartin.Test\CandidateTesting.RicardoCastroMartin.Test.csproj", "{41F4B2A2-B2A1-471C-B000-3C84F94DE97C}"
EndProject
Global
	GlobalSection(SolutionConfigurationPlatforms) = preSolution
		Debug|Any CPU = Debug|Any CPU
		Release|Any CPU = Release|Any CPU
	EndGlobalSection
	GlobalSection(ProjectConfigurationPlatforms) = postSolution
		{B9430501-45C3-4663-9D59-D5725DD1FBE2}.Debug|Any CPU.ActiveCfg = Debug|Any CPU
		{B9430501-45C3-4663-9D59-D5725DD1FBE2}.Debug|Any CPU.Build.0 = Debug|Any CPU
		{B9430501-45C3-4663-9D59-D5725DD1FBE2}.Release|Any CPU.ActiveCfg = Release|Any CPU
		{B9430501-45C3-4663-9D59-D5725DD1FBE2}.Release|Any CPU.Build.0 = Release|Any CPU
		{41F4B2A2-B2A1-471C-B000-3C84F94DE97C}.Debug|Any CPU.ActiveCfg = Debug|Any CPU
		{41F4B2A2-B2A1-471C-B000-3C84F94DE97C}.Debug|Any CPU.Build.0 = Debug|Any CPU
		{41F4B2A2-B2A1-471C-B000-3C84F94DE97C}.Release|Any CPU.ActiveCfg = Release|Any CPU
		{41F4B2A2-B2A1-471C-B000-3C84F94DE97C}.Release|Any CPU.Build.0 = Release|Any CPU
	EndGlobalSection
	GlobalSection(SolutionProperties) = preSolution
		HideSolutionNode = FALSE
	EndGlobalSection
	GlobalSection(ExtensibilityGlobals) = postSolution
		SolutionGuid = {0DEE9E30-8320-48F2-9ED3-D3278242A67D}
	EndGlobalSection
EndGlobal
